
Microsoft Visual Studio Solution File, Format Version 12.00
# Visual Studio Version 17
VisualStudioVersion = 17.3.32901.215
MinimumVisualStudioVersion = 10.0.40219.1
Project("{9A19103F-16F7-4668-BE54-9A1E7A4F7556}") = "BlazorApp.Server", "BlazorApp\Server\BlazorApp.Server.csproj", "{38996FDD-9F22-4BB2-ABCB-82910694ED24}"
EndProject
Project("{9A19103F-16F7-4668-BE54-9A1E7A4F7556}") = "BlazorApp.Client", "BlazorApp\Client\BlazorApp.Client.csproj", "{96441DDF-1C77-4EB1-ACF7-92C6080B0918}"
EndProject
Project("{9A19103F-16F7-4668-BE54-9A1E7A4F7556}") = "UserManagementService", "UserManagementService\UserManagementService.csproj", "{D200D8B9-2D93-41F8-A48F-9D5F5C5913BE}"
EndProject
Project("{9A19103F-16F7-4668-BE54-9A1E7A4F7556}") = "UserManagement.Common", "BlazorApp.Common\UserManagement.Common.csproj", "{2448E729-5E92-4EDD-87BA-645CECD21015}"
EndProject
Project("{9A19103F-16F7-4668-BE54-9A1E7A4F7556}") = "UserManagement.Domain", "UserManagement.Domain\UserManagement.Domain.csproj", "{28B0CFEC-2BC4-4FF9-A1C8-46E1C076AF56}"
EndProject
Project("{9A19103F-16F7-4668-BE54-9A1E7A4F7556}") = "UserManagement.Infrastructure", "UserManagement.Data\UserManagement.Infrastructure.csproj", "{83FA859A-672F-4F05-BFC1-0A6B34D77C1C}"
EndProject
Project("{9A19103F-16F7-4668-BE54-9A1E7A4F7556}") = "WebProxy", "WebProxy\WebProxy.csproj", "{50F74EF0-8785-4E23-91B3-9B0AB963983D}"
EndProject
Project("{9A19103F-16F7-4668-BE54-9A1E7A4F7556}") = "BlazorApp.Client.Infrastructure", "BlazorApp.Client.Infrastructure\BlazorApp.Client.Infrastructure.csproj", "{89AB5AC7-4080-4B47-8133-492B9BF9DEE1}"
EndProject
Project("{2150E333-8FDC-42A3-9474-1A3956D46DE8}") = "UserManagement", "UserManagement", "{E3D398A8-D515-4273-A294-EDEF90D0B758}"
EndProject
Project("{9A19103F-16F7-4668-BE54-9A1E7A4F7556}") = "UserManagement.Application", "UserManagement.Application\UserManagement.Application.csproj", "{C7D28956-FB6F-41F3-85DB-129702B38009}"
EndProject
Project("{2150E333-8FDC-42A3-9474-1A3956D46DE8}") = "ADService", "ADService", "{90278B11-8B57-4968-B802-EC6AEDCF4FA2}"
EndProject
Project("{FAE04EC0-301F-11D3-BF4B-00C04F79EFBC}") = "ADService", "ADService\ADService.csproj", "{BB7B939D-F6CF-4E15-A976-DD55D11A8DD7}"
EndProject
Global
	GlobalSection(SolutionConfigurationPlatforms) = preSolution
		Debug|Any CPU = Debug|Any CPU
		Release|Any CPU = Release|Any CPU
	EndGlobalSection
	GlobalSection(ProjectConfigurationPlatforms) = postSolution
		{38996FDD-9F22-4BB2-ABCB-82910694ED24}.Debug|Any CPU.ActiveCfg = Debug|Any CPU
		{38996FDD-9F22-4BB2-ABCB-82910694ED24}.Debug|Any CPU.Build.0 = Debug|Any CPU
		{38996FDD-9F22-4BB2-ABCB-82910694ED24}.Release|Any CPU.ActiveCfg = Release|Any CPU
		{38996FDD-9F22-4BB2-ABCB-82910694ED24}.Release|Any CPU.Build.0 = Release|Any CPU
		{96441DDF-1C77-4EB1-ACF7-92C6080B0918}.Debug|Any CPU.ActiveCfg = Debug|Any CPU
		{96441DDF-1C77-4EB1-ACF7-92C6080B0918}.Debug|Any CPU.Build.0 = Debug|Any CPU
		{96441DDF-1C77-4EB1-ACF7-92C6080B0918}.Release|Any CPU.ActiveCfg = Release|Any CPU
		{96441DDF-1C77-4EB1-ACF7-92C6080B0918}.Release|Any CPU.Build.0 = Release|Any CPU
		{D200D8B9-2D93-41F8-A48F-9D5F5C5913BE}.Debug|Any CPU.ActiveCfg = Debug|Any CPU
		{D200D8B9-2D93-41F8-A48F-9D5F5C5913BE}.Debug|Any CPU.Build.0 = Debug|Any CPU
		{D200D8B9-2D93-41F8-A48F-9D5F5C5913BE}.Release|Any CPU.ActiveCfg = Release|Any CPU
		{D200D8B9-2D93-41F8-A48F-9D5F5C5913BE}.Release|Any CPU.Build.0 = Release|Any CPU
		{2448E729-5E92-4EDD-87BA-645CECD21015}.Debug|Any CPU.ActiveCfg = Debug|Any CPU
		{2448E729-5E92-4EDD-87BA-645CECD21015}.Debug|Any CPU.Build.0 = Debug|Any CPU
		{2448E729-5E92-4EDD-87BA-645CECD21015}.Release|Any CPU.ActiveCfg = Release|Any CPU
		{2448E729-5E92-4EDD-87BA-645CECD21015}.Release|Any CPU.Build.0 = Release|Any CPU
		{28B0CFEC-2BC4-4FF9-A1C8-46E1C076AF56}.Debug|Any CPU.ActiveCfg = Debug|Any CPU
		{28B0CFEC-2BC4-4FF9-A1C8-46E1C076AF56}.Debug|Any CPU.Build.0 = Debug|Any CPU
		{28B0CFEC-2BC4-4FF9-A1C8-46E1C076AF56}.Release|Any CPU.ActiveCfg = Release|Any CPU
		{28B0CFEC-2BC4-4FF9-A1C8-46E1C076AF56}.Release|Any CPU.Build.0 = Release|Any CPU
		{83FA859A-672F-4F05-BFC1-0A6B34D77C1C}.Debug|Any CPU.ActiveCfg = Debug|Any CPU
		{83FA859A-672F-4F05-BFC1-0A6B34D77C1C}.Debug|Any CPU.Build.0 = Debug|Any CPU
		{83FA859A-672F-4F05-BFC1-0A6B34D77C1C}.Release|Any CPU.ActiveCfg = Release|Any CPU
		{83FA859A-672F-4F05-BFC1-0A6B34D77C1C}.Release|Any CPU.Build.0 = Release|Any CPU
		{50F74EF0-8785-4E23-91B3-9B0AB963983D}.Debug|Any CPU.ActiveCfg = Debug|Any CPU
		{50F74EF0-8785-4E23-91B3-9B0AB963983D}.Debug|Any CPU.Build.0 = Debug|Any CPU
		{50F74EF0-8785-4E23-91B3-9B0AB963983D}.Release|Any CPU.ActiveCfg = Release|Any CPU
		{50F74EF0-8785-4E23-91B3-9B0AB963983D}.Release|Any CPU.Build.0 = Release|Any CPU
		{89AB5AC7-4080-4B47-8133-492B9BF9DEE1}.Debug|Any CPU.ActiveCfg = Debug|Any CPU
		{89AB5AC7-4080-4B47-8133-492B9BF9DEE1}.Debug|Any CPU.Build.0 = Debug|Any CPU
		{89AB5AC7-4080-4B47-8133-492B9BF9DEE1}.Release|Any CPU.ActiveCfg = Release|Any CPU
		{89AB5AC7-4080-4B47-8133-492B9BF9DEE1}.Release|Any CPU.Build.0 = Release|Any CPU
		{C7D28956-FB6F-41F3-85DB-129702B38009}.Debug|Any CPU.ActiveCfg = Debug|Any CPU
		{C7D28956-FB6F-41F3-85DB-129702B38009}.Debug|Any CPU.Build.0 = Debug|Any CPU
		{C7D28956-FB6F-41F3-85DB-129702B38009}.Release|Any CPU.ActiveCfg = Release|Any CPU
		{C7D28956-FB6F-41F3-85DB-129702B38009}.Release|Any CPU.Build.0 = Release|Any CPU
		{BB7B939D-F6CF-4E15-A976-DD55D11A8DD7}.Debug|Any CPU.ActiveCfg = Debug|Any CPU
		{BB7B939D-F6CF-4E15-A976-DD55D11A8DD7}.Debug|Any CPU.Build.0 = Debug|Any CPU
		{BB7B939D-F6CF-4E15-A976-DD55D11A8DD7}.Release|Any CPU.ActiveCfg = Release|Any CPU
		{BB7B939D-F6CF-4E15-A976-DD55D11A8DD7}.Release|Any CPU.Build.0 = Release|Any CPU
	EndGlobalSection
	GlobalSection(SolutionProperties) = preSolution
		HideSolutionNode = FALSE
	EndGlobalSection
	GlobalSection(NestedProjects) = preSolution
		{D200D8B9-2D93-41F8-A48F-9D5F5C5913BE} = {E3D398A8-D515-4273-A294-EDEF90D0B758}
		{2448E729-5E92-4EDD-87BA-645CECD21015} = {E3D398A8-D515-4273-A294-EDEF90D0B758}
		{28B0CFEC-2BC4-4FF9-A1C8-46E1C076AF56} = {E3D398A8-D515-4273-A294-EDEF90D0B758}
		{83FA859A-672F-4F05-BFC1-0A6B34D77C1C} = {E3D398A8-D515-4273-A294-EDEF90D0B758}
		{C7D28956-FB6F-41F3-85DB-129702B38009} = {E3D398A8-D515-4273-A294-EDEF90D0B758}
		{BB7B939D-F6CF-4E15-A976-DD55D11A8DD7} = {90278B11-8B57-4968-B802-EC6AEDCF4FA2}
	EndGlobalSection
	GlobalSection(ExtensibilityGlobals) = postSolution
		SolutionGuid = {4D1773A8-D52E-4603-A82F-FF319950E25A}
	EndGlobalSection
EndGlobal
